
Microsoft Visual Studio Solution File, Format Version 12.00
# Visual Studio 15
VisualStudioVersion = 15.0.26730.12
MinimumVisualStudioVersion = 10.0.40219.1
Project("{2150E333-8FDC-42A3-9474-1A3956D46DE8}") = "Solution Items", "Solution Items", "{06C0CE15-BE6D-4031-9E5D-ED3162EF9EBA}"
	ProjectSection(SolutionItems) = preProject
		.gitignore = .gitignore
		appveyor.yml = appveyor.yml
		LICENSE = LICENSE
		Microsoft.Practices.EnterpriseLibrary.TransientFaultHandling.sln.DotSettings = Microsoft.Practices.EnterpriseLibrary.TransientFaultHandling.sln.DotSettings
		README.md = README.md
	EndProjectSection
EndProject
Project("{9A19103F-16F7-4668-BE54-9A1E7A4F7556}") = "EnterpriseLibrary.TransientFaultHandling.Core", "EnterpriseLibrary.TransientFaultHandling.Core\EnterpriseLibrary.TransientFaultHandling.Core.csproj", "{7FFC976B-2EB8-49FE-BA07-3C25BDEE37DB}"
EndProject
Project("{FAE04EC0-301F-11D3-BF4B-00C04F79EFBC}") = "EnterpriseLibrary.TransientFaultHandling.Core.Tests", "EnterpriseLibrary.TransientFaultHandling.Core.Tests\EnterpriseLibrary.TransientFaultHandling.Core.Tests.csproj", "{A2BEDD3D-9BD6-46C6-9588-CF35D84D4A3D}"
EndProject
Global
	GlobalSection(SolutionConfigurationPlatforms) = preSolution
		Debug|Any CPU = Debug|Any CPU
		Release|Any CPU = Release|Any CPU
	EndGlobalSection
	GlobalSection(ProjectConfigurationPlatforms) = postSolution
		{7FFC976B-2EB8-49FE-BA07-3C25BDEE37DB}.Debug|Any CPU.ActiveCfg = Debug|Any CPU
		{7FFC976B-2EB8-49FE-BA07-3C25BDEE37DB}.Debug|Any CPU.Build.0 = Debug|Any CPU
		{7FFC976B-2EB8-49FE-BA07-3C25BDEE37DB}.Release|Any CPU.ActiveCfg = Release|Any CPU
		{7FFC976B-2EB8-49FE-BA07-3C25BDEE37DB}.Release|Any CPU.Build.0 = Release|Any CPU
		{A2BEDD3D-9BD6-46C6-9588-CF35D84D4A3D}.Debug|Any CPU.ActiveCfg = Debug|Any CPU
		{A2BEDD3D-9BD6-46C6-9588-CF35D84D4A3D}.Debug|Any CPU.Build.0 = Debug|Any CPU
		{A2BEDD3D-9BD6-46C6-9588-CF35D84D4A3D}.Release|Any CPU.ActiveCfg = Release|Any CPU
		{A2BEDD3D-9BD6-46C6-9588-CF35D84D4A3D}.Release|Any CPU.Build.0 = Release|Any CPU
	EndGlobalSection
	GlobalSection(SolutionProperties) = preSolution
		HideSolutionNode = FALSE
	EndGlobalSection
	GlobalSection(ExtensibilityGlobals) = postSolution
		SolutionGuid = {47ECE033-79D2-4389-8F84-E1F8954B7335}
	EndGlobalSection
EndGlobal
